// !$*UTF8*$!
{
	archiveVersion = 1;
	classes = {
	};
	objectVersion = 56;
	objects = {

/* Begin PBXBuildFile section */
		BE7124C62B0335DD00A93ECF /* TumFilmlerViewController.swift in Sources */ = {isa = PBXBuildFile; fileRef = BE7124C52B0335DD00A93ECF /* TumFilmlerViewController.swift */; };
		BE7124CC2B03893400A93ECF /* HeaderUITableViewHeaderFooterView.swift in Sources */ = {isa = PBXBuildFile; fileRef = BE7124CB2B03893400A93ECF /* HeaderUITableViewHeaderFooterView.swift */; };
		BEBED2B72B1BE12B00745DA0 /* WatchButonCollectionViewCell.swift in Sources */ = {isa = PBXBuildFile; fileRef = BEBED2B62B1BE12B00745DA0 /* WatchButonCollectionViewCell.swift */; };
		BEBED2B92B1DBD0A00745DA0 /* MovieDetailResponse.swift in Sources */ = {isa = PBXBuildFile; fileRef = BEBED2B82B1DBD0A00745DA0 /* MovieDetailResponse.swift */; };
		BEBED2C02B20B38500745DA0 /* Kingfisher in Frameworks */ = {isa = PBXBuildFile; productRef = BEBED2BF2B20B38500745DA0 /* Kingfisher */; };
		BEBED2CE2B26DCB400745DA0 /* LabelCollectionViewCell.swift in Sources */ = {isa = PBXBuildFile; fileRef = BEBED2CD2B26DCB400745DA0 /* LabelCollectionViewCell.swift */; };
		BEBED2D02B286CC300745DA0 /* SearchViewTableViewCell.swift in Sources */ = {isa = PBXBuildFile; fileRef = BEBED2CF2B286CC300745DA0 /* SearchViewTableViewCell.swift */; };
		BED735762AFA23F40086E649 /* AppDelegate.swift in Sources */ = {isa = PBXBuildFile; fileRef = BED735752AFA23F40086E649 /* AppDelegate.swift */; };
		BED735782AFA23F40086E649 /* SceneDelegate.swift in Sources */ = {isa = PBXBuildFile; fileRef = BED735772AFA23F40086E649 /* SceneDelegate.swift */; };
		BED7357F2AFA23F50086E649 /* Assets.xcassets in Resources */ = {isa = PBXBuildFile; fileRef = BED7357E2AFA23F50086E649 /* Assets.xcassets */; };
		BED735822AFA23F50086E649 /* LaunchScreen.storyboard in Resources */ = {isa = PBXBuildFile; fileRef = BED735802AFA23F50086E649 /* LaunchScreen.storyboard */; };
		BED7358B2AFA24600086E649 /* SnapKit in Frameworks */ = {isa = PBXBuildFile; productRef = BED7358A2AFA24600086E649 /* SnapKit */; };
		BED7358D2AFA24600086E649 /* SnapKit-Dynamic in Frameworks */ = {isa = PBXBuildFile; productRef = BED7358C2AFA24600086E649 /* SnapKit-Dynamic */; };
		BED7358F2AFA29130086E649 /* TabBarViewController.swift in Sources */ = {isa = PBXBuildFile; fileRef = BED7358E2AFA29130086E649 /* TabBarViewController.swift */; };
		BED735932AFA2FB60086E649 /* HomeViewController.swift in Sources */ = {isa = PBXBuildFile; fileRef = BED735922AFA2FB60086E649 /* HomeViewController.swift */; };
		BED735952AFA48EB0086E649 /* SearchViewController.swift in Sources */ = {isa = PBXBuildFile; fileRef = BED735942AFA48EB0086E649 /* SearchViewController.swift */; };
		BED735972AFA48FB0086E649 /* FavoriteMoviesViewController.swift in Sources */ = {isa = PBXBuildFile; fileRef = BED735962AFA48FB0086E649 /* FavoriteMoviesViewController.swift */; };
		BED735A22AFA569C0086E649 /* CollectionViewTableViewCell.swift in Sources */ = {isa = PBXBuildFile; fileRef = BED735A12AFA569C0086E649 /* CollectionViewTableViewCell.swift */; };
		BED735A52AFABA320086E649 /* Extensions.swift in Sources */ = {isa = PBXBuildFile; fileRef = BED735A42AFABA320086E649 /* Extensions.swift */; };
		BED735AB2AFAE3CA0086E649 /* TrendingTitleResponse.swift in Sources */ = {isa = PBXBuildFile; fileRef = BED735AA2AFAE3CA0086E649 /* TrendingTitleResponse.swift */; };
		BED735AD2AFAE5270086E649 /* TitleCollectionViewCell.swift in Sources */ = {isa = PBXBuildFile; fileRef = BED735AC2AFAE5270086E649 /* TitleCollectionViewCell.swift */; };
		BED735B02AFAE7700086E649 /* SDWebImage in Frameworks */ = {isa = PBXBuildFile; productRef = BED735AF2AFAE7700086E649 /* SDWebImage */; };
		BED735B22AFAE7700086E649 /* SDWebImageMapKit in Frameworks */ = {isa = PBXBuildFile; productRef = BED735B12AFAE7700086E649 /* SDWebImageMapKit */; };
		BED735B42AFAE7CE0086E649 /* APICaller.swift in Sources */ = {isa = PBXBuildFile; fileRef = BED735B32AFAE7CE0086E649 /* APICaller.swift */; };
		BEF97F1D2B0C7D95004AC979 /* DetailsViewController.swift in Sources */ = {isa = PBXBuildFile; fileRef = BEF97F1C2B0C7D95004AC979 /* DetailsViewController.swift */; };
		BEF97F1F2B10BA21004AC979 /* DetailsCollectionViewCell.swift in Sources */ = {isa = PBXBuildFile; fileRef = BEF97F1E2B10BA21004AC979 /* DetailsCollectionViewCell.swift */; };
/* End PBXBuildFile section */

/* Begin PBXFileReference section */
		BE7124C52B0335DD00A93ECF /* TumFilmlerViewController.swift */ = {isa = PBXFileReference; lastKnownFileType = sourcecode.swift; path = TumFilmlerViewController.swift; sourceTree = "<group>"; };
		BE7124CB2B03893400A93ECF /* HeaderUITableViewHeaderFooterView.swift */ = {isa = PBXFileReference; lastKnownFileType = sourcecode.swift; path = HeaderUITableViewHeaderFooterView.swift; sourceTree = "<group>"; };
		BEBED2B62B1BE12B00745DA0 /* WatchButonCollectionViewCell.swift */ = {isa = PBXFileReference; lastKnownFileType = sourcecode.swift; path = WatchButonCollectionViewCell.swift; sourceTree = "<group>"; };
		BEBED2B82B1DBD0A00745DA0 /* MovieDetailResponse.swift */ = {isa = PBXFileReference; lastKnownFileType = sourcecode.swift; path = MovieDetailResponse.swift; sourceTree = "<group>"; };
		BEBED2CD2B26DCB400745DA0 /* LabelCollectionViewCell.swift */ = {isa = PBXFileReference; lastKnownFileType = sourcecode.swift; path = LabelCollectionViewCell.swift; sourceTree = "<group>"; };
		BEBED2CF2B286CC300745DA0 /* SearchViewTableViewCell.swift */ = {isa = PBXFileReference; lastKnownFileType = sourcecode.swift; path = SearchViewTableViewCell.swift; sourceTree = "<group>"; };
		BED735722AFA23F40086E649 /* BeinConnectIOS.app */ = {isa = PBXFileReference; explicitFileType = wrapper.application; includeInIndex = 0; path = BeinConnectIOS.app; sourceTree = BUILT_PRODUCTS_DIR; };
		BED735752AFA23F40086E649 /* AppDelegate.swift */ = {isa = PBXFileReference; lastKnownFileType = sourcecode.swift; path = AppDelegate.swift; sourceTree = "<group>"; };
		BED735772AFA23F40086E649 /* SceneDelegate.swift */ = {isa = PBXFileReference; lastKnownFileType = sourcecode.swift; path = SceneDelegate.swift; sourceTree = "<group>"; };
		BED7357E2AFA23F50086E649 /* Assets.xcassets */ = {isa = PBXFileReference; lastKnownFileType = folder.assetcatalog; path = Assets.xcassets; sourceTree = "<group>"; };
		BED735812AFA23F50086E649 /* Base */ = {isa = PBXFileReference; lastKnownFileType = file.storyboard; name = Base; path = Base.lproj/LaunchScreen.storyboard; sourceTree = "<group>"; };
		BED735832AFA23F50086E649 /* Info.plist */ = {isa = PBXFileReference; lastKnownFileType = text.plist.xml; path = Info.plist; sourceTree = "<group>"; };
		BED7358E2AFA29130086E649 /* TabBarViewController.swift */ = {isa = PBXFileReference; lastKnownFileType = sourcecode.swift; path = TabBarViewController.swift; sourceTree = "<group>"; };
		BED735922AFA2FB60086E649 /* HomeViewController.swift */ = {isa = PBXFileReference; lastKnownFileType = sourcecode.swift; path = HomeViewController.swift; sourceTree = "<group>"; };
		BED735942AFA48EB0086E649 /* SearchViewController.swift */ = {isa = PBXFileReference; lastKnownFileType = sourcecode.swift; path = SearchViewController.swift; sourceTree = "<group>"; };
		BED735962AFA48FB0086E649 /* FavoriteMoviesViewController.swift */ = {isa = PBXFileReference; lastKnownFileType = sourcecode.swift; path = FavoriteMoviesViewController.swift; sourceTree = "<group>"; };
		BED735A12AFA569C0086E649 /* CollectionViewTableViewCell.swift */ = {isa = PBXFileReference; lastKnownFileType = sourcecode.swift; path = CollectionViewTableViewCell.swift; sourceTree = "<group>"; };
		BED735A42AFABA320086E649 /* Extensions.swift */ = {isa = PBXFileReference; lastKnownFileType = sourcecode.swift; path = Extensions.swift; sourceTree = "<group>"; };
		BED735AA2AFAE3CA0086E649 /* TrendingTitleResponse.swift */ = {isa = PBXFileReference; lastKnownFileType = sourcecode.swift; path = TrendingTitleResponse.swift; sourceTree = "<group>"; };
		BED735AC2AFAE5270086E649 /* TitleCollectionViewCell.swift */ = {isa = PBXFileReference; lastKnownFileType = sourcecode.swift; name = TitleCollectionViewCell.swift; path = BeinConnectIOS/Views/TitleCollectionViewCell.swift; sourceTree = SOURCE_ROOT; };
		BED735B32AFAE7CE0086E649 /* APICaller.swift */ = {isa = PBXFileReference; lastKnownFileType = sourcecode.swift; path = APICaller.swift; sourceTree = "<group>"; };
		BEF97F1C2B0C7D95004AC979 /* DetailsViewController.swift */ = {isa = PBXFileReference; lastKnownFileType = sourcecode.swift; path = DetailsViewController.swift; sourceTree = "<group>"; };
		BEF97F1E2B10BA21004AC979 /* DetailsCollectionViewCell.swift */ = {isa = PBXFileReference; lastKnownFileType = sourcecode.swift; path = DetailsCollectionViewCell.swift; sourceTree = "<group>"; };
/* End PBXFileReference section */

/* Begin PBXFrameworksBuildPhase section */
		BED7356F2AFA23F40086E649 /* Frameworks */ = {
			isa = PBXFrameworksBuildPhase;
			buildActionMask = 2147483647;
			files = (
				BED735B02AFAE7700086E649 /* SDWebImage in Frameworks */,
				BED7358B2AFA24600086E649 /* SnapKit in Frameworks */,
				BED735B22AFAE7700086E649 /* SDWebImageMapKit in Frameworks */,
				BED7358D2AFA24600086E649 /* SnapKit-Dynamic in Frameworks */,
				BEBED2C02B20B38500745DA0 /* Kingfisher in Frameworks */,
			);
			runOnlyForDeploymentPostprocessing = 0;
		};
/* End PBXFrameworksBuildPhase section */

/* Begin PBXGroup section */
		BED735692AFA23F30086E649 = {
			isa = PBXGroup;
			children = (
				BED735742AFA23F40086E649 /* BeinConnectIOS */,
				BED735732AFA23F40086E649 /* Products */,
			);
			sourceTree = "<group>";
		};
		BED735732AFA23F40086E649 /* Products */ = {
			isa = PBXGroup;
			children = (
				BED735722AFA23F40086E649 /* BeinConnectIOS.app */,
			);
			name = Products;
			sourceTree = "<group>";
		};
		BED735742AFA23F40086E649 /* BeinConnectIOS */ = {
			isa = PBXGroup;
			children = (
				BED735A82AFADECD0086E649 /* Manager */,
				BED735A32AFABA0C0086E649 /* Resources */,
				BED735A92AFAE3AA0086E649 /* Models */,
				BED7359F2AFA564E0086E649 /* Views */,
				BED735912AFA2F760086E649 /* Controllers */,
				BED7358E2AFA29130086E649 /* TabBarViewController.swift */,
				BED735752AFA23F40086E649 /* AppDelegate.swift */,
				BED735772AFA23F40086E649 /* SceneDelegate.swift */,
				BED7357E2AFA23F50086E649 /* Assets.xcassets */,
				BED735802AFA23F50086E649 /* LaunchScreen.storyboard */,
				BED735832AFA23F50086E649 /* Info.plist */,
			);
			path = BeinConnectIOS;
			sourceTree = "<group>";
		};
		BED735912AFA2F760086E649 /* Controllers */ = {
			isa = PBXGroup;
			children = (
				BED735922AFA2FB60086E649 /* HomeViewController.swift */,
				BED735942AFA48EB0086E649 /* SearchViewController.swift */,
				BED735962AFA48FB0086E649 /* FavoriteMoviesViewController.swift */,
				BE7124C52B0335DD00A93ECF /* TumFilmlerViewController.swift */,
				BEF97F1C2B0C7D95004AC979 /* DetailsViewController.swift */,
			);
			path = Controllers;
			sourceTree = "<group>";
		};
		BED7359F2AFA564E0086E649 /* Views */ = {
			isa = PBXGroup;
			children = (
				BED735A12AFA569C0086E649 /* CollectionViewTableViewCell.swift */,
				BED735AC2AFAE5270086E649 /* TitleCollectionViewCell.swift */,
				BE7124CB2B03893400A93ECF /* HeaderUITableViewHeaderFooterView.swift */,
				BEF97F1E2B10BA21004AC979 /* DetailsCollectionViewCell.swift */,
				BEBED2B62B1BE12B00745DA0 /* WatchButonCollectionViewCell.swift */,
				BEBED2CD2B26DCB400745DA0 /* LabelCollectionViewCell.swift */,
				BEBED2CF2B286CC300745DA0 /* SearchViewTableViewCell.swift */,
			);
			path = Views;
			sourceTree = "<group>";
		};
		BED735A32AFABA0C0086E649 /* Resources */ = {
			isa = PBXGroup;
			children = (
				BED735A42AFABA320086E649 /* Extensions.swift */,
			);
			path = Resources;
			sourceTree = "<group>";
		};
		BED735A82AFADECD0086E649 /* Manager */ = {
			isa = PBXGroup;
			children = (
				BED735B32AFAE7CE0086E649 /* APICaller.swift */,
			);
			path = Manager;
			sourceTree = "<group>";
		};
		BED735A92AFAE3AA0086E649 /* Models */ = {
			isa = PBXGroup;
			children = (
				BED735AA2AFAE3CA0086E649 /* TrendingTitleResponse.swift */,
				BEBED2B82B1DBD0A00745DA0 /* MovieDetailResponse.swift */,
			);
			path = Models;
			sourceTree = "<group>";
		};
/* End PBXGroup section */

/* Begin PBXNativeTarget section */
		BED735712AFA23F40086E649 /* BeinConnectIOS */ = {
			isa = PBXNativeTarget;
			buildConfigurationList = BED735862AFA23F50086E649 /* Build configuration list for PBXNativeTarget "BeinConnectIOS" */;
			buildPhases = (
				BED7356E2AFA23F40086E649 /* Sources */,
				BED7356F2AFA23F40086E649 /* Frameworks */,
				BED735702AFA23F40086E649 /* Resources */,
			);
			buildRules = (
			);
			dependencies = (
			);
			name = BeinConnectIOS;
			packageProductDependencies = (
				BED7358A2AFA24600086E649 /* SnapKit */,
				BED7358C2AFA24600086E649 /* SnapKit-Dynamic */,
				BED735AF2AFAE7700086E649 /* SDWebImage */,
				BED735B12AFAE7700086E649 /* SDWebImageMapKit */,
				BEBED2BF2B20B38500745DA0 /* Kingfisher */,
			);
			productName = BeinConnectIOS;
			productReference = BED735722AFA23F40086E649 /* BeinConnectIOS.app */;
			productType = "com.apple.product-type.application";
		};
/* End PBXNativeTarget section */

/* Begin PBXProject section */
		BED7356A2AFA23F30086E649 /* Project object */ = {
			isa = PBXProject;
			attributes = {
				BuildIndependentTargetsInParallel = 1;
				LastSwiftUpdateCheck = 1500;
				LastUpgradeCheck = 1500;
				TargetAttributes = {
					BED735712AFA23F40086E649 = {
						CreatedOnToolsVersion = 15.0;
					};
				};
			};
			buildConfigurationList = BED7356D2AFA23F30086E649 /* Build configuration list for PBXProject "BeinConnectIOS" */;
			compatibilityVersion = "Xcode 14.0";
			developmentRegion = en;
			hasScannedForEncodings = 0;
			knownRegions = (
				en,
				Base,
			);
			mainGroup = BED735692AFA23F30086E649;
			packageReferences = (
				BED735892AFA24600086E649 /* XCRemoteSwiftPackageReference "SnapKit" */,
				BED735AE2AFAE7700086E649 /* XCRemoteSwiftPackageReference "SDWebImage" */,
				BEBED2BE2B20B38500745DA0 /* XCRemoteSwiftPackageReference "Kingfisher" */,
			);
			productRefGroup = BED735732AFA23F40086E649 /* Products */;
			projectDirPath = "";
			projectRoot = "";
			targets = (
				BED735712AFA23F40086E649 /* BeinConnectIOS */,
			);
		};
/* End PBXProject section */

/* Begin PBXResourcesBuildPhase section */
		BED735702AFA23F40086E649 /* Resources */ = {
			isa = PBXResourcesBuildPhase;
			buildActionMask = 2147483647;
			files = (
				BED735822AFA23F50086E649 /* LaunchScreen.storyboard in Resources */,
				BED7357F2AFA23F50086E649 /* Assets.xcassets in Resources */,
			);
			runOnlyForDeploymentPostprocessing = 0;
		};
/* End PBXResourcesBuildPhase section */

/* Begin PBXSourcesBuildPhase section */
		BED7356E2AFA23F40086E649 /* Sources */ = {
			isa = PBXSourcesBuildPhase;
			buildActionMask = 2147483647;
			files = (
				BED7358F2AFA29130086E649 /* TabBarViewController.swift in Sources */,
				BED735762AFA23F40086E649 /* AppDelegate.swift in Sources */,
				BEF97F1F2B10BA21004AC979 /* DetailsCollectionViewCell.swift in Sources */,
				BEBED2CE2B26DCB400745DA0 /* LabelCollectionViewCell.swift in Sources */,
				BED735952AFA48EB0086E649 /* SearchViewController.swift in Sources */,
				BED735AB2AFAE3CA0086E649 /* TrendingTitleResponse.swift in Sources */,
				BED735932AFA2FB60086E649 /* HomeViewController.swift in Sources */,
				BED735A22AFA569C0086E649 /* CollectionViewTableViewCell.swift in Sources */,
				BED735972AFA48FB0086E649 /* FavoriteMoviesViewController.swift in Sources */,
				BEBED2D02B286CC300745DA0 /* SearchViewTableViewCell.swift in Sources */,
				BED735AD2AFAE5270086E649 /* TitleCollectionViewCell.swift in Sources */,
				BED735B42AFAE7CE0086E649 /* APICaller.swift in Sources */,
				BEBED2B92B1DBD0A00745DA0 /* MovieDetailResponse.swift in Sources */,
				BE7124C62B0335DD00A93ECF /* TumFilmlerViewController.swift in Sources */,
				BED735A52AFABA320086E649 /* Extensions.swift in Sources */,
				BEF97F1D2B0C7D95004AC979 /* DetailsViewController.swift in Sources */,
				BED735782AFA23F40086E649 /* SceneDelegate.swift in Sources */,
				BE7124CC2B03893400A93ECF /* HeaderUITableViewHeaderFooterView.swift in Sources */,
				BEBED2B72B1BE12B00745DA0 /* WatchButonCollectionViewCell.swift in Sources */,
			);
			runOnlyForDeploymentPostprocessing = 0;
		};
/* End PBXSourcesBuildPhase section */

/* Begin PBXVariantGroup section */
		BED735802AFA23F50086E649 /* LaunchScreen.storyboard */ = {
			isa = PBXVariantGroup;
			children = (
				BED735812AFA23F50086E649 /* Base */,
			);
			name = LaunchScreen.storyboard;
			sourceTree = "<group>";
		};
/* End PBXVariantGroup section */

/* Begin XCBuildConfiguration section */
		BED735842AFA23F50086E649 /* Debug */ = {
			isa = XCBuildConfiguration;
			buildSettings = {
				ALWAYS_SEARCH_USER_PATHS = NO;
				ASSETCATALOG_COMPILER_GENERATE_SWIFT_ASSET_SYMBOL_EXTENSIONS = YES;
				CLANG_ANALYZER_NONNULL = YES;
				CLANG_ANALYZER_NUMBER_OBJECT_CONVERSION = YES_AGGRESSIVE;
				CLANG_CXX_LANGUAGE_STANDARD = "gnu++20";
				CLANG_ENABLE_MODULES = YES;
				CLANG_ENABLE_OBJC_ARC = YES;
				CLANG_ENABLE_OBJC_WEAK = YES;
				CLANG_WARN_BLOCK_CAPTURE_AUTORELEASING = YES;
				CLANG_WARN_BOOL_CONVERSION = YES;
				CLANG_WARN_COMMA = YES;
				CLANG_WARN_CONSTANT_CONVERSION = YES;
				CLANG_WARN_DEPRECATED_OBJC_IMPLEMENTATIONS = YES;
				CLANG_WARN_DIRECT_OBJC_ISA_USAGE = YES_ERROR;
				CLANG_WARN_DOCUMENTATION_COMMENTS = YES;
				CLANG_WARN_EMPTY_BODY = YES;
				CLANG_WARN_ENUM_CONVERSION = YES;
				CLANG_WARN_INFINITE_RECURSION = YES;
				CLANG_WARN_INT_CONVERSION = YES;
				CLANG_WARN_NON_LITERAL_NULL_CONVERSION = YES;
				CLANG_WARN_OBJC_IMPLICIT_RETAIN_SELF = YES;
				CLANG_WARN_OBJC_LITERAL_CONVERSION = YES;
				CLANG_WARN_OBJC_ROOT_CLASS = YES_ERROR;
				CLANG_WARN_QUOTED_INCLUDE_IN_FRAMEWORK_HEADER = YES;
				CLANG_WARN_RANGE_LOOP_ANALYSIS = YES;
				CLANG_WARN_STRICT_PROTOTYPES = YES;
				CLANG_WARN_SUSPICIOUS_MOVE = YES;
				CLANG_WARN_UNGUARDED_AVAILABILITY = YES_AGGRESSIVE;
				CLANG_WARN_UNREACHABLE_CODE = YES;
				CLANG_WARN__DUPLICATE_METHOD_MATCH = YES;
				COPY_PHASE_STRIP = NO;
				DEBUG_INFORMATION_FORMAT = dwarf;
				ENABLE_STRICT_OBJC_MSGSEND = YES;
				ENABLE_TESTABILITY = YES;
				ENABLE_USER_SCRIPT_SANDBOXING = YES;
				GCC_C_LANGUAGE_STANDARD = gnu17;
				GCC_DYNAMIC_NO_PIC = NO;
				GCC_NO_COMMON_BLOCKS = YES;
				GCC_OPTIMIZATION_LEVEL = 0;
				GCC_PREPROCESSOR_DEFINITIONS = (
					"DEBUG=1",
					"$(inherited)",
				);
				GCC_WARN_64_TO_32_BIT_CONVERSION = YES;
				GCC_WARN_ABOUT_RETURN_TYPE = YES_ERROR;
				GCC_WARN_UNDECLARED_SELECTOR = YES;
				GCC_WARN_UNINITIALIZED_AUTOS = YES_AGGRESSIVE;
				GCC_WARN_UNUSED_FUNCTION = YES;
				GCC_WARN_UNUSED_VARIABLE = YES;
				IPHONEOS_DEPLOYMENT_TARGET = 17.0;
				LOCALIZATION_PREFERS_STRING_CATALOGS = YES;
				MTL_ENABLE_DEBUG_INFO = INCLUDE_SOURCE;
				MTL_FAST_MATH = YES;
				ONLY_ACTIVE_ARCH = YES;
				SDKROOT = iphoneos;
				SWIFT_ACTIVE_COMPILATION_CONDITIONS = "DEBUG $(inherited)";
				SWIFT_OPTIMIZATION_LEVEL = "-Onone";
			};
			name = Debug;
		};
		BED735852AFA23F50086E649 /* Release */ = {
			isa = XCBuildConfiguration;
			buildSettings = {
				ALWAYS_SEARCH_USER_PATHS = NO;
				ASSETCATALOG_COMPILER_GENERATE_SWIFT_ASSET_SYMBOL_EXTENSIONS = YES;
				CLANG_ANALYZER_NONNULL = YES;
				CLANG_ANALYZER_NUMBER_OBJECT_CONVERSION = YES_AGGRESSIVE;
				CLANG_CXX_LANGUAGE_STANDARD = "gnu++20";
				CLANG_ENABLE_MODULES = YES;
				CLANG_ENABLE_OBJC_ARC = YES;
				CLANG_ENABLE_OBJC_WEAK = YES;
				CLANG_WARN_BLOCK_CAPTURE_AUTORELEASING = YES;
				CLANG_WARN_BOOL_CONVERSION = YES;
				CLANG_WARN_COMMA = YES;
				CLANG_WARN_CONSTANT_CONVERSION = YES;
				CLANG_WARN_DEPRECATED_OBJC_IMPLEMENTATIONS = YES;
				CLANG_WARN_DIRECT_OBJC_ISA_USAGE = YES_ERROR;
				CLANG_WARN_DOCUMENTATION_COMMENTS = YES;
				CLANG_WARN_EMPTY_BODY = YES;
				CLANG_WARN_ENUM_CONVERSION = YES;
				CLANG_WARN_INFINITE_RECURSION = YES;
				CLANG_WARN_INT_CONVERSION = YES;
				CLANG_WARN_NON_LITERAL_NULL_CONVERSION = YES;
				CLANG_WARN_OBJC_IMPLICIT_RETAIN_SELF = YES;
				CLANG_WARN_OBJC_LITERAL_CONVERSION = YES;
				CLANG_WARN_OBJC_ROOT_CLASS = YES_ERROR;
				CLANG_WARN_QUOTED_INCLUDE_IN_FRAMEWORK_HEADER = YES;
				CLANG_WARN_RANGE_LOOP_ANALYSIS = YES;
				CLANG_WARN_STRICT_PROTOTYPES = YES;
				CLANG_WARN_SUSPICIOUS_MOVE = YES;
				CLANG_WARN_UNGUARDED_AVAILABILITY = YES_AGGRESSIVE;
				CLANG_WARN_UNREACHABLE_CODE = YES;
				CLANG_WARN__DUPLICATE_METHOD_MATCH = YES;
				COPY_PHASE_STRIP = NO;
				DEBUG_INFORMATION_FORMAT = "dwarf-with-dsym";
				ENABLE_NS_ASSERTIONS = NO;
				ENABLE_STRICT_OBJC_MSGSEND = YES;
				ENABLE_USER_SCRIPT_SANDBOXING = YES;
				GCC_C_LANGUAGE_STANDARD = gnu17;
				GCC_NO_COMMON_BLOCKS = YES;
				GCC_WARN_64_TO_32_BIT_CONVERSION = YES;
				GCC_WARN_ABOUT_RETURN_TYPE = YES_ERROR;
				GCC_WARN_UNDECLARED_SELECTOR = YES;
				GCC_WARN_UNINITIALIZED_AUTOS = YES_AGGRESSIVE;
				GCC_WARN_UNUSED_FUNCTION = YES;
				GCC_WARN_UNUSED_VARIABLE = YES;
				IPHONEOS_DEPLOYMENT_TARGET = 17.0;
				LOCALIZATION_PREFERS_STRING_CATALOGS = YES;
				MTL_ENABLE_DEBUG_INFO = NO;
				MTL_FAST_MATH = YES;
				SDKROOT = iphoneos;
				SWIFT_COMPILATION_MODE = wholemodule;
				VALIDATE_PRODUCT = YES;
			};
			name = Release;
		};
		BED735872AFA23F50086E649 /* Debug */ = {
			isa = XCBuildConfiguration;
			buildSettings = {
				ASSETCATALOG_COMPILER_APPICON_NAME = AppIcon;
				ASSETCATALOG_COMPILER_GLOBAL_ACCENT_COLOR_NAME = AccentColor;
				CODE_SIGN_STYLE = Automatic;
				CURRENT_PROJECT_VERSION = 1;
				DEVELOPMENT_TEAM = RWYT8FG8C8;
				GENERATE_INFOPLIST_FILE = YES;
				INFOPLIST_FILE = BeinConnectIOS/Info.plist;
				INFOPLIST_KEY_UIApplicationSupportsIndirectInputEvents = YES;
				INFOPLIST_KEY_UILaunchStoryboardName = LaunchScreen;
				INFOPLIST_KEY_UISupportedInterfaceOrientations_iPad = "UIInterfaceOrientationPortrait UIInterfaceOrientationPortraitUpsideDown UIInterfaceOrientationLandscapeLeft UIInterfaceOrientationLandscapeRight";
				INFOPLIST_KEY_UISupportedInterfaceOrientations_iPhone = "UIInterfaceOrientationPortrait UIInterfaceOrientationLandscapeLeft UIInterfaceOrientationLandscapeRight";
				LD_RUNPATH_SEARCH_PATHS = (
					"$(inherited)",
					"@executable_path/Frameworks",
				);
				MARKETING_VERSION = 1.0;
				PRODUCT_BUNDLE_IDENTIFIER = com.zulalsarioglu.BeinConnectIOS;
				PRODUCT_NAME = "$(TARGET_NAME)";
				SWIFT_EMIT_LOC_STRINGS = YES;
				SWIFT_VERSION = 5.0;
				TARGETED_DEVICE_FAMILY = "1,2";
			};
			name = Debug;
		};
		BED735882AFA23F50086E649 /* Release */ = {
			isa = XCBuildConfiguration;
			buildSettings = {
				ASSETCATALOG_COMPILER_APPICON_NAME = AppIcon;
				ASSETCATALOG_COMPILER_GLOBAL_ACCENT_COLOR_NAME = AccentColor;
				CODE_SIGN_STYLE = Automatic;
				CURRENT_PROJECT_VERSION = 1;
				DEVELOPMENT_TEAM = RWYT8FG8C8;
				GENERATE_INFOPLIST_FILE = YES;
				INFOPLIST_FILE = BeinConnectIOS/Info.plist;
				INFOPLIST_KEY_UIApplicationSupportsIndirectInputEvents = YES;
				INFOPLIST_KEY_UILaunchStoryboardName = LaunchScreen;
				INFOPLIST_KEY_UISupportedInterfaceOrientations_iPad = "UIInterfaceOrientationPortrait UIInterfaceOrientationPortraitUpsideDown UIInterfaceOrientationLandscapeLeft UIInterfaceOrientationLandscapeRight";
				INFOPLIST_KEY_UISupportedInterfaceOrientations_iPhone = "UIInterfaceOrientationPortrait UIInterfaceOrientationLandscapeLeft UIInterfaceOrientationLandscapeRight";
				LD_RUNPATH_SEARCH_PATHS = (
					"$(inherited)",
					"@executable_path/Frameworks",
				);
				MARKETING_VERSION = 1.0;
				PRODUCT_BUNDLE_IDENTIFIER = com.zulalsarioglu.BeinConnectIOS;
				PRODUCT_NAME = "$(TARGET_NAME)";
				SWIFT_EMIT_LOC_STRINGS = YES;
				SWIFT_VERSION = 5.0;
				TARGETED_DEVICE_FAMILY = "1,2";
			};
			name = Release;
		};
/* End XCBuildConfiguration section */

/* Begin XCConfigurationList section */
		BED7356D2AFA23F30086E649 /* Build configuration list for PBXProject "BeinConnectIOS" */ = {
			isa = XCConfigurationList;
			buildConfigurations = (
				BED735842AFA23F50086E649 /* Debug */,
				BED735852AFA23F50086E649 /* Release */,
			);
			defaultConfigurationIsVisible = 0;
			defaultConfigurationName = Release;
		};
		BED735862AFA23F50086E649 /* Build configuration list for PBXNativeTarget "BeinConnectIOS" */ = {
			isa = XCConfigurationList;
			buildConfigurations = (
				BED735872AFA23F50086E649 /* Debug */,
				BED735882AFA23F50086E649 /* Release */,
			);
			defaultConfigurationIsVisible = 0;
			defaultConfigurationName = Release;
		};
/* End XCConfigurationList section */

/* Begin XCRemoteSwiftPackageReference section */
		BEBED2BE2B20B38500745DA0 /* XCRemoteSwiftPackageReference "Kingfisher" */ = {
			isa = XCRemoteSwiftPackageReference;
			repositoryURL = "https://github.com/onevcat/Kingfisher.git";
			requirement = {
				kind = upToNextMajorVersion;
				minimumVersion = 7.10.0;
			};
		};
		BED735892AFA24600086E649 /* XCRemoteSwiftPackageReference "SnapKit" */ = {
			isa = XCRemoteSwiftPackageReference;
			repositoryURL = "https://github.com/SnapKit/SnapKit.git";
			requirement = {
				kind = upToNextMajorVersion;
				minimumVersion = 5.6.0;
			};
		};
		BED735AE2AFAE7700086E649 /* XCRemoteSwiftPackageReference "SDWebImage" */ = {
			isa = XCRemoteSwiftPackageReference;
			repositoryURL = "https://github.com/SDWebImage/SDWebImage";
			requirement = {
				kind = upToNextMajorVersion;
				minimumVersion = 5.18.4;
			};
		};
/* End XCRemoteSwiftPackageReference section */

/* Begin XCSwiftPackageProductDependency section */
		BEBED2BF2B20B38500745DA0 /* Kingfisher */ = {
			isa = XCSwiftPackageProductDependency;
			package = BEBED2BE2B20B38500745DA0 /* XCRemoteSwiftPackageReference "Kingfisher" */;
			productName = Kingfisher;
		};
		BED7358A2AFA24600086E649 /* SnapKit */ = {
			isa = XCSwiftPackageProductDependency;
			package = BED735892AFA24600086E649 /* XCRemoteSwiftPackageReference "SnapKit" */;
			productName = SnapKit;
		};
		BED7358C2AFA24600086E649 /* SnapKit-Dynamic */ = {
			isa = XCSwiftPackageProductDependency;
			package = BED735892AFA24600086E649 /* XCRemoteSwiftPackageReference "SnapKit" */;
			productName = "SnapKit-Dynamic";
		};
		BED735AF2AFAE7700086E649 /* SDWebImage */ = {
			isa = XCSwiftPackageProductDependency;
			package = BED735AE2AFAE7700086E649 /* XCRemoteSwiftPackageReference "SDWebImage" */;
			productName = SDWebImage;
		};
		BED735B12AFAE7700086E649 /* SDWebImageMapKit */ = {
			isa = XCSwiftPackageProductDependency;
			package = BED735AE2AFAE7700086E649 /* XCRemoteSwiftPackageReference "SDWebImage" */;
			productName = SDWebImageMapKit;
		};
/* End XCSwiftPackageProductDependency section */
	};
	rootObject = BED7356A2AFA23F30086E649 /* Project object */;
}
